{
  "version": 4,
  "terraform_version": "1.3.6",
  "serial": 18,
  "lineage": "ff6a3c8f-068c-3b7a-03d8-bc7681f855b2",
  "outputs": {
    "cluster_ca_certificate": {
      "value": "LS0tLS1CRUdJTiBDRVJUSUZJQ0FURS0tLS0tCk1JSUMvakNDQWVhZ0F3SUJBZ0lCQURBTkJna3Foa2lHOXcwQkFRc0ZBREFWTVJNd0VRWURWUVFERXdwcmRXSmwKY201bGRHVnpNQjRYRFRJek1ERXdOREV4TURVMU5sb1hEVE16TURFd01URXhNRFUxTmxvd0ZURVRNQkVHQTFVRQpBeE1LYTNWaVpYSnVaWFJsY3pDQ0FTSXdEUVlKS29aSWh2Y05BUUVCQlFBRGdnRVBBRENDQVFvQ2dnRUJBTDJyCkp0ZjljbkNERVZ6d0NZb1Rpd3pBemVRK1ZtUFBrYnNQZng5UTFOZmNpNEFoRkJEVmNnMGRXdkZMS1I4V2V5c2gKRTRyMmJtWGlSY3I5dDRmWnRJKysvMWxndXIzYU10bnR1OTNkRjlPaEZoWVFzTGppaXdzWXNUVWFsajdmN3ZmeAplelB1TVlXUVdWMDlseDNlUm1ZbElDekhGRDhwOHRaL2s3M2lzQ2tUSEVjckxUZFFQUFpMR0lod3hUZFVJaGQzCkk5eWtiOWxrK2NrQ0FzbjE4Ti9ZQm9JUTBHa1NVQ1BQWkRlbU9wLzMyVmFsb2VtM2dyOWZiRUhtZGh6dVgxdUsKZ1ROcGhkRWtSSmQ1UjF2Mkh1QWFncG1JZ0hIdVFGUW55MWRnZG5pUVIvQlMyZzc2T2ZxaWxNU2tOMUVMdlBVbwprMWYxVzI3akl6RlNwSVdNZnhNQ0F3RUFBYU5aTUZjd0RnWURWUjBQQVFIL0JBUURBZ0trTUE4R0ExVWRFd0VCCi93UUZNQU1CQWY4d0hRWURWUjBPQkJZRUZMZmxicnByYWxrVlErd3RkRFRWbVNPZjhDVzJNQlVHQTFVZEVRUU8KTUF5Q0NtdDFZbVZ5Ym1WMFpYTXdEUVlKS29aSWh2Y05BUUVMQlFBRGdnRUJBRWh6Zk9IL2pWQjI0cWw5U0ZGeQpsQVFZYjM1ZXBQYkU0dXEwTkQ0bWR3L0JGU0NBVFFPTkFmMXRCTkZZai9FRzZvRWdSZkZ5NzNaZytVQWs3bXVmCkVoU2JCbDBLS0t2RmZoL3gwcCtIY1FoamxSVitNcGtTaWZvM1psS3IwRCs1cE1XdkUrSGpJNEEvVmlsdHlCZFoKcUlKalpVNFVWbjJRVlpDb2NKRzNCQklrQ0RjdnJ2RGluTkJ4UjBsbkZNWmRRMUcydjdodzJQZjVnRjU1YmtPRQplNWJ2MDNtK0h4anJtLzV4cUJIQnZXSXVaUzVjY0srODh0cEg3WVJwMnJLNkg1VmwwN0R1VVpFczg2Qmxvc0RjCi82Y1ZZNU8yMk92cWVtRHdzT1h6RXBFb2N5VGFURlRQc2pNME9oOUQ2aHh5OHk5QnB1ZktYUkRBWnkxa2dqYk4KNGxzPQotLS0tLUVORCBDRVJUSUZJQ0FURS0tLS0tCg==",
      "type": "string"
    },
    "cluster_endpoint": {
      "value": "https://A4B3D913C9286605CF51AAA476917637.gr7.us-east-2.eks.amazonaws.com",
      "type": "string"
    },
    "cluster_name": {
      "value": "Test-k8s-cluster",
      "type": "string"
    }
  },
  "resources": [
    {
      "mode": "managed",
      "type": "aws_eks_cluster",
      "name": "this",
      "provider": "provider[\"registry.terraform.io/hashicorp/aws\"]",
      "instances": [
        {
          "schema_version": 0,
          "attributes": {
            "arn": "arn:aws:eks:us-east-2:092448908331:cluster/Test-k8s-cluster",
            "certificate_authority": [
              {
                "data": "LS0tLS1CRUdJTiBDRVJUSUZJQ0FURS0tLS0tCk1JSUMvakNDQWVhZ0F3SUJBZ0lCQURBTkJna3Foa2lHOXcwQkFRc0ZBREFWTVJNd0VRWURWUVFERXdwcmRXSmwKY201bGRHVnpNQjRYRFRJek1ERXdOREV4TURVMU5sb1hEVE16TURFd01URXhNRFUxTmxvd0ZURVRNQkVHQTFVRQpBeE1LYTNWaVpYSnVaWFJsY3pDQ0FTSXdEUVlKS29aSWh2Y05BUUVCQlFBRGdnRVBBRENDQVFvQ2dnRUJBTDJyCkp0ZjljbkNERVZ6d0NZb1Rpd3pBemVRK1ZtUFBrYnNQZng5UTFOZmNpNEFoRkJEVmNnMGRXdkZMS1I4V2V5c2gKRTRyMmJtWGlSY3I5dDRmWnRJKysvMWxndXIzYU10bnR1OTNkRjlPaEZoWVFzTGppaXdzWXNUVWFsajdmN3ZmeAplelB1TVlXUVdWMDlseDNlUm1ZbElDekhGRDhwOHRaL2s3M2lzQ2tUSEVjckxUZFFQUFpMR0lod3hUZFVJaGQzCkk5eWtiOWxrK2NrQ0FzbjE4Ti9ZQm9JUTBHa1NVQ1BQWkRlbU9wLzMyVmFsb2VtM2dyOWZiRUhtZGh6dVgxdUsKZ1ROcGhkRWtSSmQ1UjF2Mkh1QWFncG1JZ0hIdVFGUW55MWRnZG5pUVIvQlMyZzc2T2ZxaWxNU2tOMUVMdlBVbwprMWYxVzI3akl6RlNwSVdNZnhNQ0F3RUFBYU5aTUZjd0RnWURWUjBQQVFIL0JBUURBZ0trTUE4R0ExVWRFd0VCCi93UUZNQU1CQWY4d0hRWURWUjBPQkJZRUZMZmxicnByYWxrVlErd3RkRFRWbVNPZjhDVzJNQlVHQTFVZEVRUU8KTUF5Q0NtdDFZbVZ5Ym1WMFpYTXdEUVlKS29aSWh2Y05BUUVMQlFBRGdnRUJBRWh6Zk9IL2pWQjI0cWw5U0ZGeQpsQVFZYjM1ZXBQYkU0dXEwTkQ0bWR3L0JGU0NBVFFPTkFmMXRCTkZZai9FRzZvRWdSZkZ5NzNaZytVQWs3bXVmCkVoU2JCbDBLS0t2RmZoL3gwcCtIY1FoamxSVitNcGtTaWZvM1psS3IwRCs1cE1XdkUrSGpJNEEvVmlsdHlCZFoKcUlKalpVNFVWbjJRVlpDb2NKRzNCQklrQ0RjdnJ2RGluTkJ4UjBsbkZNWmRRMUcydjdodzJQZjVnRjU1YmtPRQplNWJ2MDNtK0h4anJtLzV4cUJIQnZXSXVaUzVjY0srODh0cEg3WVJwMnJLNkg1VmwwN0R1VVpFczg2Qmxvc0RjCi82Y1ZZNU8yMk92cWVtRHdzT1h6RXBFb2N5VGFURlRQc2pNME9oOUQ2aHh5OHk5QnB1ZktYUkRBWnkxa2dqYk4KNGxzPQotLS0tLUVORCBDRVJUSUZJQ0FURS0tLS0tCg=="
              }
            ],
            "cluster_id": null,
            "created_at": "2023-01-04 11:00:33.95 +0000 UTC",
            "enabled_cluster_log_types": [],
            "encryption_config": [],
            "endpoint": "https://A4B3D913C9286605CF51AAA476917637.gr7.us-east-2.eks.amazonaws.com",
            "id": "Test-k8s-cluster",
            "identity": [
              {
                "oidc": [
                  {
                    "issuer": "https://oidc.eks.us-east-2.amazonaws.com/id/A4B3D913C9286605CF51AAA476917637"
                  }
                ]
              }
            ],
            "kubernetes_network_config": [
              {
                "ip_family": "ipv4",
                "service_ipv4_cidr": "10.100.0.0/16",
                "service_ipv6_cidr": ""
              }
            ],
            "name": "Test-k8s-cluster",
            "outpost_config": [],
            "platform_version": "eks.3",
            "role_arn": "arn:aws:iam::092448908331:role/Test-k8s-Cluster-Role",
            "status": "ACTIVE",
            "tags": {},
            "tags_all": {},
            "timeouts": null,
            "version": "1.24",
            "vpc_config": [
              {
                "cluster_security_group_id": "sg-055c7cfb5c6df8d06",
                "endpoint_private_access": true,
                "endpoint_public_access": true,
                "public_access_cidrs": [
                  "0.0.0.0/0"
                ],
                "security_group_ids": [
                  "sg-01afe2820017b0f5f",
                  "sg-0c988ce7978a7777c"
                ],
                "subnet_ids": [
                  "subnet-08f6923fe25b55e58",
                  "subnet-0cdd5a76e90f127d4",
                  "subnet-0d48384408c89adac"
                ],
                "vpc_id": "vpc-099b68f3aa8554dea"
              }
            ]
          },
          "sensitive_attributes": [],
          "private": "eyJlMmJmYjczMC1lY2FhLTExZTYtOGY4OC0zNDM2M2JjN2M0YzAiOnsiY3JlYXRlIjoxODAwMDAwMDAwMDAwLCJkZWxldGUiOjkwMDAwMDAwMDAwMCwidXBkYXRlIjozNjAwMDAwMDAwMDAwfX0=",
          "dependencies": [
            "aws_iam_role.cluster",
            "aws_iam_role_policy_attachment.cluster_AmazonEKSClusterPolicy",
            "aws_security_group.eks_cluster",
            "aws_security_group.eks_nodes"
          ]
        }
      ]
    },
    {
      "mode": "managed",
      "type": "aws_eks_node_group",
      "name": "this",
      "provider": "provider[\"registry.terraform.io/hashicorp/aws\"]",
      "instances": [
        {
          "schema_version": 0,
          "attributes": {
            "ami_type": "AL2_x86_64",
            "arn": "arn:aws:eks:us-east-2:092448908331:nodegroup/Test-k8s-cluster/Test-k8s/60c2be3c-c7f8-98b2-f32c-e2ec6a7d9ecd",
            "capacity_type": "ON_DEMAND",
            "cluster_name": "Test-k8s-cluster",
            "disk_size": 20,
            "force_update_version": null,
            "id": "Test-k8s-cluster:Test-k8s",
            "instance_types": [
              "t2.medium"
            ],
            "labels": {},
            "launch_template": [],
            "node_group_name": "Test-k8s",
            "node_group_name_prefix": "",
            "node_role_arn": "arn:aws:iam::092448908331:role/Test-k8s-Worker-Role",
            "release_version": "1.24.7-20221222",
            "remote_access": [],
            "resources": [
              {
                "autoscaling_groups": [
                  {
                    "name": "eks-Test-k8s-60c2be3c-c7f8-98b2-f32c-e2ec6a7d9ecd"
                  }
                ],
                "remote_access_security_group_id": ""
              }
            ],
            "scaling_config": [
              {
                "desired_size": 1,
                "max_size": 3,
                "min_size": 1
              }
            ],
            "status": "ACTIVE",
            "subnet_ids": [
              "subnet-08f6923fe25b55e58",
              "subnet-0cdd5a76e90f127d4",
              "subnet-0d48384408c89adac"
            ],
            "tags": {},
            "tags_all": {},
            "taint": [],
            "timeouts": null,
            "update_config": [
              {
                "max_unavailable": 1,
                "max_unavailable_percentage": 0
              }
            ],
            "version": "1.24"
          },
          "sensitive_attributes": [],
          "private": "eyJlMmJmYjczMC1lY2FhLTExZTYtOGY4OC0zNDM2M2JjN2M0YzAiOnsiY3JlYXRlIjozNjAwMDAwMDAwMDAwLCJkZWxldGUiOjM2MDAwMDAwMDAwMDAsInVwZGF0ZSI6MzYwMDAwMDAwMDAwMH19",
          "dependencies": [
            "aws_eks_cluster.this",
            "aws_iam_role.cluster",
            "aws_iam_role.node",
            "aws_iam_role_policy_attachment.cluster_AmazonEKSClusterPolicy",
            "aws_iam_role_policy_attachment.node_AmazonEC2ContainerRegistryReadOnly",
            "aws_iam_role_policy_attachment.node_AmazonEKSWorkerNodePolicy",
            "aws_iam_role_policy_attachment.node_AmazonEKS_CNI_Policy",
            "aws_security_group.eks_cluster",
            "aws_security_group.eks_nodes"
          ]
        }
      ]
    },
    {
      "mode": "managed",
      "type": "aws_iam_role",
      "name": "cluster",
      "provider": "provider[\"registry.terraform.io/hashicorp/aws\"]",
      "instances": [
        {
          "schema_version": 0,
          "attributes": {
            "arn": "arn:aws:iam::092448908331:role/Test-k8s-Cluster-Role",
            "assume_role_policy": "{\"Statement\":[{\"Action\":\"sts:AssumeRole\",\"Effect\":\"Allow\",\"Principal\":{\"Service\":\"eks.amazonaws.com\"}}],\"Version\":\"2012-10-17\"}",
            "create_date": "2023-01-04T11:00:29Z",
            "description": "",
            "force_detach_policies": false,
            "id": "Test-k8s-Cluster-Role",
            "inline_policy": [],
            "managed_policy_arns": [
              "arn:aws:iam::aws:policy/AmazonEKSClusterPolicy"
            ],
            "max_session_duration": 3600,
            "name": "Test-k8s-Cluster-Role",
            "name_prefix": "",
            "path": "/",
            "permissions_boundary": null,
            "tags": {},
            "tags_all": {},
            "unique_id": "AROARLBTCMQV6WCFPUSZE"
          },
          "sensitive_attributes": [],
          "private": "bnVsbA=="
        }
      ]
    },
    {
      "mode": "managed",
      "type": "aws_iam_role",
      "name": "node",
      "provider": "provider[\"registry.terraform.io/hashicorp/aws\"]",
      "instances": [
        {
          "schema_version": 0,
          "attributes": {
            "arn": "arn:aws:iam::092448908331:role/Test-k8s-Worker-Role",
            "assume_role_policy": "{\"Statement\":[{\"Action\":\"sts:AssumeRole\",\"Effect\":\"Allow\",\"Principal\":{\"Service\":\"ec2.amazonaws.com\"}}],\"Version\":\"2012-10-17\"}",
            "create_date": "2023-01-04T10:42:28Z",
            "description": "",
            "force_detach_policies": false,
            "id": "Test-k8s-Worker-Role",
            "inline_policy": [],
            "managed_policy_arns": [
              "arn:aws:iam::aws:policy/AmazonEC2ContainerRegistryReadOnly",
              "arn:aws:iam::aws:policy/AmazonEKSWorkerNodePolicy",
              "arn:aws:iam::aws:policy/AmazonEKS_CNI_Policy"
            ],
            "max_session_duration": 3600,
            "name": "Test-k8s-Worker-Role",
            "name_prefix": "",
            "path": "/",
            "permissions_boundary": null,
            "tags": {},
            "tags_all": {},
            "unique_id": "AROARLBTCMQVRCMHAHD5I"
          },
          "sensitive_attributes": [],
          "private": "bnVsbA=="
        }
      ]
    },
    {
      "mode": "managed",
      "type": "aws_iam_role_policy_attachment",
      "name": "cluster_AmazonEKSClusterPolicy",
      "provider": "provider[\"registry.terraform.io/hashicorp/aws\"]",
      "instances": [
        {
          "schema_version": 0,
          "attributes": {
            "id": "Test-k8s-Cluster-Role-20230104110030310200000001",
            "policy_arn": "arn:aws:iam::aws:policy/AmazonEKSClusterPolicy",
            "role": "Test-k8s-Cluster-Role"
          },
          "sensitive_attributes": [],
          "private": "bnVsbA==",
          "dependencies": [
            "aws_iam_role.cluster"
          ]
        }
      ]
    },
    {
      "mode": "managed",
      "type": "aws_iam_role_policy_attachment",
      "name": "node_AmazonEC2ContainerRegistryReadOnly",
      "provider": "provider[\"registry.terraform.io/hashicorp/aws\"]",
      "instances": [
        {
          "schema_version": 0,
          "attributes": {
            "id": "Test-k8s-Worker-Role-20230104104230212900000001",
            "policy_arn": "arn:aws:iam::aws:policy/AmazonEC2ContainerRegistryReadOnly",
            "role": "Test-k8s-Worker-Role"
          },
          "sensitive_attributes": [],
          "private": "bnVsbA==",
          "dependencies": [
            "aws_iam_role.node"
          ]
        }
      ]
    },
    {
      "mode": "managed",
      "type": "aws_iam_role_policy_attachment",
      "name": "node_AmazonEKSWorkerNodePolicy",
      "provider": "provider[\"registry.terraform.io/hashicorp/aws\"]",
      "instances": [
        {
          "schema_version": 0,
          "attributes": {
            "id": "Test-k8s-Worker-Role-20230104104230416800000002",
            "policy_arn": "arn:aws:iam::aws:policy/AmazonEKSWorkerNodePolicy",
            "role": "Test-k8s-Worker-Role"
          },
          "sensitive_attributes": [],
          "private": "bnVsbA==",
          "dependencies": [
            "aws_iam_role.node"
          ]
        }
      ]
    },
    {
      "mode": "managed",
      "type": "aws_iam_role_policy_attachment",
      "name": "node_AmazonEKS_CNI_Policy",
      "provider": "provider[\"registry.terraform.io/hashicorp/aws\"]",
      "instances": [
        {
          "schema_version": 0,
          "attributes": {
            "id": "Test-k8s-Worker-Role-20230104104230628800000003",
            "policy_arn": "arn:aws:iam::aws:policy/AmazonEKS_CNI_Policy",
            "role": "Test-k8s-Worker-Role"
          },
          "sensitive_attributes": [],
          "private": "bnVsbA==",
          "dependencies": [
            "aws_iam_role.node"
          ]
        }
      ]
    },
    {
      "mode": "managed",
      "type": "aws_security_group",
      "name": "eks_cluster",
      "provider": "provider[\"registry.terraform.io/hashicorp/aws\"]",
      "instances": [
        {
          "schema_version": 1,
          "attributes": {
            "arn": "arn:aws:ec2:us-east-2:092448908331:security-group/sg-0c988ce7978a7777c",
            "description": "Cluster communication with worker nodes",
            "egress": [
              {
                "cidr_blocks": [],
                "description": "Allow cluster API Server to communicate with the worker nodes",
                "from_port": 1024,
                "ipv6_cidr_blocks": [],
                "prefix_list_ids": [],
                "protocol": "tcp",
                "security_groups": [
                  "sg-01afe2820017b0f5f"
                ],
                "self": false,
                "to_port": 65535
              }
            ],
            "id": "sg-0c988ce7978a7777c",
            "ingress": [
              {
                "cidr_blocks": [],
                "description": "Allow worker nodes to communicate with the cluster API Server",
                "from_port": 443,
                "ipv6_cidr_blocks": [],
                "prefix_list_ids": [],
                "protocol": "tcp",
                "security_groups": [
                  "sg-01afe2820017b0f5f"
                ],
                "self": false,
                "to_port": 443
              }
            ],
            "name": "Test-k8s-cluster-sg",
            "name_prefix": "",
            "owner_id": "092448908331",
            "revoke_rules_on_delete": false,
            "tags": {
              "Name": "Test-k8s-cluster-sg"
            },
            "tags_all": {
              "Name": "Test-k8s-cluster-sg"
            },
            "timeouts": null,
            "vpc_id": "vpc-099b68f3aa8554dea"
          },
          "sensitive_attributes": [],
          "private": "eyJlMmJmYjczMC1lY2FhLTExZTYtOGY4OC0zNDM2M2JjN2M0YzAiOnsiY3JlYXRlIjo2MDAwMDAwMDAwMDAsImRlbGV0ZSI6OTAwMDAwMDAwMDAwfSwic2NoZW1hX3ZlcnNpb24iOiIxIn0="
        }
      ]
    },
    {
      "mode": "managed",
      "type": "aws_security_group",
      "name": "eks_nodes",
      "provider": "provider[\"registry.terraform.io/hashicorp/aws\"]",
      "instances": [
        {
          "schema_version": 1,
          "attributes": {
            "arn": "arn:aws:ec2:us-east-2:092448908331:security-group/sg-01afe2820017b0f5f",
            "description": "Security group for all nodes in the cluster",
            "egress": [
              {
                "cidr_blocks": [
                  "0.0.0.0/0"
                ],
                "description": "",
                "from_port": 0,
                "ipv6_cidr_blocks": [],
                "prefix_list_ids": [],
                "protocol": "-1",
                "security_groups": [],
                "self": false,
                "to_port": 0
              }
            ],
            "id": "sg-01afe2820017b0f5f",
            "ingress": [
              {
                "cidr_blocks": [],
                "description": "Allow nodes to communicate with each other",
                "from_port": 0,
                "ipv6_cidr_blocks": [],
                "prefix_list_ids": [],
                "protocol": "-1",
                "security_groups": [],
                "self": true,
                "to_port": 0
              },
              {
                "cidr_blocks": [],
                "description": "Allow worker Kubelets and pods to receive communication from the cluster control plane",
                "from_port": 1025,
                "ipv6_cidr_blocks": [],
                "prefix_list_ids": [],
                "protocol": "tcp",
                "security_groups": [
                  "sg-0c988ce7978a7777c"
                ],
                "self": false,
                "to_port": 65535
              }
            ],
            "name": "Test-k8s-node-sg",
            "name_prefix": "",
            "owner_id": "092448908331",
            "revoke_rules_on_delete": false,
            "tags": {
              "Name": "Test-k8s-node-sg",
              "kubernetes.io/cluster/Test-k8s-cluster": "owned"
            },
            "tags_all": {
              "Name": "Test-k8s-node-sg",
              "kubernetes.io/cluster/Test-k8s-cluster": "owned"
            },
            "timeouts": null,
            "vpc_id": "vpc-099b68f3aa8554dea"
          },
          "sensitive_attributes": [],
          "private": "eyJlMmJmYjczMC1lY2FhLTExZTYtOGY4OC0zNDM2M2JjN2M0YzAiOnsiY3JlYXRlIjo2MDAwMDAwMDAwMDAsImRlbGV0ZSI6OTAwMDAwMDAwMDAwfSwic2NoZW1hX3ZlcnNpb24iOiIxIn0="
        }
      ]
    },
    {
      "mode": "managed",
      "type": "aws_security_group_rule",
      "name": "cluster_inbound",
      "provider": "provider[\"registry.terraform.io/hashicorp/aws\"]",
      "instances": [
        {
          "schema_version": 2,
          "attributes": {
            "cidr_blocks": null,
            "description": "Allow worker nodes to communicate with the cluster API Server",
            "from_port": 443,
            "id": "sgrule-2449095079",
            "ipv6_cidr_blocks": null,
            "prefix_list_ids": null,
            "protocol": "tcp",
            "security_group_id": "sg-0c988ce7978a7777c",
            "security_group_rule_id": "sgr-06c48a9aee94a913c",
            "self": false,
            "source_security_group_id": "sg-01afe2820017b0f5f",
            "timeouts": null,
            "to_port": 443,
            "type": "ingress"
          },
          "sensitive_attributes": [],
          "private": "eyJlMmJmYjczMC1lY2FhLTExZTYtOGY4OC0zNDM2M2JjN2M0YzAiOnsiY3JlYXRlIjozMDAwMDAwMDAwMDB9LCJzY2hlbWFfdmVyc2lvbiI6IjIifQ==",
          "dependencies": [
            "aws_security_group.eks_cluster",
            "aws_security_group.eks_nodes"
          ]
        }
      ]
    },
    {
      "mode": "managed",
      "type": "aws_security_group_rule",
      "name": "cluster_outbound",
      "provider": "provider[\"registry.terraform.io/hashicorp/aws\"]",
      "instances": [
        {
          "schema_version": 2,
          "attributes": {
            "cidr_blocks": null,
            "description": "Allow cluster API Server to communicate with the worker nodes",
            "from_port": 1024,
            "id": "sgrule-288019309",
            "ipv6_cidr_blocks": null,
            "prefix_list_ids": null,
            "protocol": "tcp",
            "security_group_id": "sg-0c988ce7978a7777c",
            "security_group_rule_id": "sgr-0db24236878acb6f2",
            "self": false,
            "source_security_group_id": "sg-01afe2820017b0f5f",
            "timeouts": null,
            "to_port": 65535,
            "type": "egress"
          },
          "sensitive_attributes": [],
          "private": "eyJlMmJmYjczMC1lY2FhLTExZTYtOGY4OC0zNDM2M2JjN2M0YzAiOnsiY3JlYXRlIjozMDAwMDAwMDAwMDB9LCJzY2hlbWFfdmVyc2lvbiI6IjIifQ==",
          "dependencies": [
            "aws_security_group.eks_cluster",
            "aws_security_group.eks_nodes"
          ]
        }
      ]
    },
    {
      "mode": "managed",
      "type": "aws_security_group_rule",
      "name": "nodes_cluster_inbound",
      "provider": "provider[\"registry.terraform.io/hashicorp/aws\"]",
      "instances": [
        {
          "schema_version": 2,
          "attributes": {
            "cidr_blocks": null,
            "description": "Allow worker Kubelets and pods to receive communication from the cluster control plane",
            "from_port": 1025,
            "id": "sgrule-3734132557",
            "ipv6_cidr_blocks": null,
            "prefix_list_ids": null,
            "protocol": "tcp",
            "security_group_id": "sg-01afe2820017b0f5f",
            "security_group_rule_id": "sgr-0e1396154abd1da18",
            "self": false,
            "source_security_group_id": "sg-0c988ce7978a7777c",
            "timeouts": null,
            "to_port": 65535,
            "type": "ingress"
          },
          "sensitive_attributes": [],
          "private": "eyJlMmJmYjczMC1lY2FhLTExZTYtOGY4OC0zNDM2M2JjN2M0YzAiOnsiY3JlYXRlIjozMDAwMDAwMDAwMDB9LCJzY2hlbWFfdmVyc2lvbiI6IjIifQ==",
          "dependencies": [
            "aws_security_group.eks_cluster",
            "aws_security_group.eks_nodes"
          ]
        }
      ]
    },
    {
      "mode": "managed",
      "type": "aws_security_group_rule",
      "name": "nodes_internal",
      "provider": "provider[\"registry.terraform.io/hashicorp/aws\"]",
      "instances": [
        {
          "schema_version": 2,
          "attributes": {
            "cidr_blocks": null,
            "description": "Allow nodes to communicate with each other",
            "from_port": 0,
            "id": "sgrule-3313178700",
            "ipv6_cidr_blocks": null,
            "prefix_list_ids": null,
            "protocol": "-1",
            "security_group_id": "sg-01afe2820017b0f5f",
            "security_group_rule_id": "sgr-0c8d72b8af03a9592",
            "self": false,
            "source_security_group_id": "sg-01afe2820017b0f5f",
            "timeouts": null,
            "to_port": 0,
            "type": "ingress"
          },
          "sensitive_attributes": [],
          "private": "eyJlMmJmYjczMC1lY2FhLTExZTYtOGY4OC0zNDM2M2JjN2M0YzAiOnsiY3JlYXRlIjozMDAwMDAwMDAwMDB9LCJzY2hlbWFfdmVyc2lvbiI6IjIifQ==",
          "dependencies": [
            "aws_security_group.eks_nodes"
          ]
        }
      ]
    }
  ],
  "check_results": null
}
